{
  "name": "webpack-study",
  "version": "1.0.0",
  "lockfileVersion": 1,
  "requires": true,
  "dependencies": {
    "big.js": {
      "version": "5.2.2",
      "resolved": "http://r.cnpmjs.org/big.js/download/big.js-5.2.2.tgz",
      "integrity": "sha1-ZfCvOC9Xi83HQr2cKB6cstd2gyg=",
      "dev": true
    },
    "clone-deep": {
      "version": "2.0.2",
      "resolved": "http://r.cnpmjs.org/clone-deep/download/clone-deep-2.0.2.tgz",
      "integrity": "sha1-ANs6Hhc2VnMNEYjD1qztbX6pdxM=",
      "dev": true,
      "requires": {
        "for-own": "^1.0.0",
        "is-plain-object": "^2.0.4",
        "kind-of": "^6.0.0",
        "shallow-clone": "^1.0.0"
      }
    },
    "emojis-list": {
      "version": "2.1.0",
      "resolved": "http://r.cnpmjs.org/emojis-list/download/emojis-list-2.1.0.tgz",
      "integrity": "sha1-TapNnbAPmBmIDHn6RXrlsJof04k=",
      "dev": true
    },
    "for-in": {
      "version": "1.0.2",
      "resolved": "http://r.cnpmjs.org/for-in/download/for-in-1.0.2.tgz",
      "integrity": "sha1-gQaNKVqBQuwKxybG4iAMMPttXoA=",
      "dev": true
    },
    "for-own": {
      "version": "1.0.0",
      "resolved": "http://r.cnpmjs.org/for-own/download/for-own-1.0.0.tgz",
      "integrity": "sha1-xjMy9BXO3EsE2/5wz4NklMU8tEs=",
      "dev": true,
      "requires": {
        "for-in": "^1.0.1"
      }
    },
    "is-extendable": {
      "version": "0.1.1",
      "resolved": "http://r.cnpmjs.org/is-extendable/download/is-extendable-0.1.1.tgz",
      "integrity": "sha1-YrEQ4omkcUGOPsNqYX1HLjAd/Ik=",
      "dev": true
    },
    "is-plain-object": {
      "version": "2.0.4",
      "resolved": "http://r.cnpmjs.org/is-plain-object/download/is-plain-object-2.0.4.tgz",
      "integrity": "sha1-LBY7P6+xtgbZ0Xko8FwqHDjgdnc=",
      "dev": true,
      "requires": {
        "isobject": "^3.0.1"
      }
    },
    "isobject": {
      "version": "3.0.1",
      "resolved": "http://r.cnpmjs.org/isobject/download/isobject-3.0.1.tgz",
      "integrity": "sha1-TkMekrEalzFjaqH5yNHMvP2reN8=",
      "dev": true
    },
    "jquery": {
      "version": "3.4.0",
      "resolved": "http://r.cnpmjs.org/jquery/download/jquery-3.4.0.tgz",
      "integrity": "sha1-jeUT+g+kssfS5IpTDibwWWk2798="
    },
    "json5": {
      "version": "1.0.1",
      "resolved": "http://r.cnpmjs.org/json5/download/json5-1.0.1.tgz",
      "integrity": "sha1-d5+wAYYE+oVOrL9iUhgNg1Q+Pb4=",
      "dev": true,
      "requires": {
        "minimist": "^1.2.0"
      }
    },
    "kind-of": {
      "version": "6.0.2",
      "resolved": "http://r.cnpmjs.org/kind-of/download/kind-of-6.0.2.tgz",
      "integrity": "sha1-ARRrNqYhjmTljzqNZt5df8b20FE=",
      "dev": true
    },
    "loader-utils": {
      "version": "1.2.3",
      "resolved": "http://r.cnpmjs.org/loader-utils/download/loader-utils-1.2.3.tgz",
      "integrity": "sha1-H/XcaRHJ8KBiUxpMBLYJQGEIwsc=",
      "dev": true,
      "requires": {
        "big.js": "^5.2.2",
        "emojis-list": "^2.0.0",
        "json5": "^1.0.1"
      }
    },
    "lodash.tail": {
      "version": "4.1.1",
      "resolved": "http://r.cnpmjs.org/lodash.tail/download/lodash.tail-4.1.1.tgz",
      "integrity": "sha1-0jM6NtnncXyK0vfKyv7HwytERmQ=",
      "dev": true
    },
    "minimist": {
      "version": "1.2.0",
      "resolved": "http://r.cnpmjs.org/minimist/download/minimist-1.2.0.tgz",
      "integrity": "sha1-o1AIsg9BOD7sH7kU9M1d95omQoQ=",
      "dev": true
    },
    "mixin-object": {
      "version": "2.0.1",
      "resolved": "http://r.cnpmjs.org/mixin-object/download/mixin-object-2.0.1.tgz",
      "integrity": "sha1-T7lJRB2rGCVA8f4DW6YOGUel5X4=",
      "dev": true,
      "requires": {
        "for-in": "^0.1.3",
        "is-extendable": "^0.1.1"
      },
      "dependencies": {
        "for-in": {
          "version": "0.1.8",
          "resolved": "http://r.cnpmjs.org/for-in/download/for-in-0.1.8.tgz",
          "integrity": "sha1-2Hc5COMSVhCZUrH9ubP6hn0ndeE=",
          "dev": true
        }
      }
    },
    "neo-async": {
      "version": "2.6.0",
      "resolved": "http://r.cnpmjs.org/neo-async/download/neo-async-2.6.0.tgz",
      "integrity": "sha1-udFeTXHGdikIZUtRg+04t1M0CDU=",
      "dev": true
    },
    "pify": {
      "version": "3.0.0",
      "resolved": "http://r.cnpmjs.org/pify/download/pify-3.0.0.tgz",
      "integrity": "sha1-5aSs0sEB/fPZpNB/DbxNtJ3SgXY=",
      "dev": true
    },
    "sass-loader": {
      "version": "7.1.0",
      "resolved": "http://r.cnpmjs.org/sass-loader/download/sass-loader-7.1.0.tgz",
      "integrity": "sha1-Fv1ROMuLQkv4p1lSihly1yqtBp0=",
      "dev": true,
      "requires": {
        "clone-deep": "^2.0.1",
        "loader-utils": "^1.0.1",
        "lodash.tail": "^4.1.1",
        "neo-async": "^2.5.0",
        "pify": "^3.0.0",
        "semver": "^5.5.0"
      }
    },
    "semver": {
      "version": "5.7.0",
      "resolved": "http://r.cnpmjs.org/semver/download/semver-5.7.0.tgz",
      "integrity": "sha1-eQp89v6lRZuslhELKbYEEtyP+Ws=",
      "dev": true
    },
    "shallow-clone": {
      "version": "1.0.0",
      "resolved": "http://r.cnpmjs.org/shallow-clone/download/shallow-clone-1.0.0.tgz",
      "integrity": "sha1-RIDNBuiC72iyrYij6lSDLixItXE=",
      "dev": true,
      "requires": {
        "is-extendable": "^0.1.1",
        "kind-of": "^5.0.0",
        "mixin-object": "^2.0.1"
      },
      "dependencies": {
        "kind-of": {
          "version": "5.1.0",
          "resolved": "http://r.cnpmjs.org/kind-of/download/kind-of-5.1.0.tgz",
          "integrity": "sha1-cpyR4thXt6QZofmqZWhcTDP1hF0=",
          "dev": true
        }
      }
    }
  }
}
